
Microsoft Visual Studio Solution File, Format Version 12.00
# Visual Studio Version 17
VisualStudioVersion = 17.0.31903.59
MinimumVisualStudioVersion = 10.0.40219.1
Project("{2150E333-8FDC-42A3-9474-1A3956D46DE8}") = "src", "src", "{827E0CD3-B72D-47B6-A68D-7590B98EB39B}"
EndProject
Project("{FAE04EC0-301F-11D3-BF4B-00C04F79EFBC}") = "HippoCamp.AppHost", "src\HippoCamp.AppHost\HippoCamp.AppHost.csproj", "{1349CA9F-8C15-434D-82A1-DF71C0F06B2D}"
EndProject
Project("{2150E333-8FDC-42A3-9474-1A3956D46DE8}") = "tests", "tests", "{0AB3BF05-4346-4AA6-1389-037BE0695223}"
EndProject
Project("{FAE04EC0-301F-11D3-BF4B-00C04F79EFBC}") = "HippoCamp.Tests", "tests\HippoCamp.Tests\HippoCamp.Tests.csproj", "{A5623C5C-CFC2-4376-AF2B-13ED04EAC6FB}"
EndProject
Global
	GlobalSection(SolutionConfigurationPlatforms) = preSolution
		Debug|Any CPU = Debug|Any CPU
		Debug|x64 = Debug|x64
		Debug|x86 = Debug|x86
		Release|Any CPU = Release|Any CPU
		Release|x64 = Release|x64
		Release|x86 = Release|x86
	EndGlobalSection
	GlobalSection(ProjectConfigurationPlatforms) = postSolution
		{1349CA9F-8C15-434D-82A1-DF71C0F06B2D}.Debug|Any CPU.ActiveCfg = Debug|Any CPU
		{1349CA9F-8C15-434D-82A1-DF71C0F06B2D}.Debug|Any CPU.Build.0 = Debug|Any CPU
		{1349CA9F-8C15-434D-82A1-DF71C0F06B2D}.Debug|x64.ActiveCfg = Debug|Any CPU
		{1349CA9F-8C15-434D-82A1-DF71C0F06B2D}.Debug|x64.Build.0 = Debug|Any CPU
		{1349CA9F-8C15-434D-82A1-DF71C0F06B2D}.Debug|x86.ActiveCfg = Debug|Any CPU
		{1349CA9F-8C15-434D-82A1-DF71C0F06B2D}.Debug|x86.Build.0 = Debug|Any CPU
		{1349CA9F-8C15-434D-82A1-DF71C0F06B2D}.Release|Any CPU.ActiveCfg = Release|Any CPU
		{1349CA9F-8C15-434D-82A1-DF71C0F06B2D}.Release|Any CPU.Build.0 = Release|Any CPU
		{1349CA9F-8C15-434D-82A1-DF71C0F06B2D}.Release|x64.ActiveCfg = Release|Any CPU
		{1349CA9F-8C15-434D-82A1-DF71C0F06B2D}.Release|x64.Build.0 = Release|Any CPU
		{1349CA9F-8C15-434D-82A1-DF71C0F06B2D}.Release|x86.ActiveCfg = Release|Any CPU
		{1349CA9F-8C15-434D-82A1-DF71C0F06B2D}.Release|x86.Build.0 = Release|Any CPU
		{A5623C5C-CFC2-4376-AF2B-13ED04EAC6FB}.Debug|Any CPU.ActiveCfg = Debug|Any CPU
		{A5623C5C-CFC2-4376-AF2B-13ED04EAC6FB}.Debug|Any CPU.Build.0 = Debug|Any CPU
		{A5623C5C-CFC2-4376-AF2B-13ED04EAC6FB}.Debug|x64.ActiveCfg = Debug|Any CPU
		{A5623C5C-CFC2-4376-AF2B-13ED04EAC6FB}.Debug|x64.Build.0 = Debug|Any CPU
		{A5623C5C-CFC2-4376-AF2B-13ED04EAC6FB}.Debug|x86.ActiveCfg = Debug|Any CPU
		{A5623C5C-CFC2-4376-AF2B-13ED04EAC6FB}.Debug|x86.Build.0 = Debug|Any CPU
		{A5623C5C-CFC2-4376-AF2B-13ED04EAC6FB}.Release|Any CPU.ActiveCfg = Release|Any CPU
		{A5623C5C-CFC2-4376-AF2B-13ED04EAC6FB}.Release|Any CPU.Build.0 = Release|Any CPU
		{A5623C5C-CFC2-4376-AF2B-13ED04EAC6FB}.Release|x64.ActiveCfg = Release|Any CPU
		{A5623C5C-CFC2-4376-AF2B-13ED04EAC6FB}.Release|x64.Build.0 = Release|Any CPU
		{A5623C5C-CFC2-4376-AF2B-13ED04EAC6FB}.Release|x86.ActiveCfg = Release|Any CPU
		{A5623C5C-CFC2-4376-AF2B-13ED04EAC6FB}.Release|x86.Build.0 = Release|Any CPU
	EndGlobalSection
	GlobalSection(SolutionProperties) = preSolution
		HideSolutionNode = FALSE
	EndGlobalSection
	GlobalSection(NestedProjects) = preSolution
		{1349CA9F-8C15-434D-82A1-DF71C0F06B2D} = {827E0CD3-B72D-47B6-A68D-7590B98EB39B}
		{A5623C5C-CFC2-4376-AF2B-13ED04EAC6FB} = {0AB3BF05-4346-4AA6-1389-037BE0695223}
	EndGlobalSection
EndGlobal
